<?xml version="1.0" encoding="utf-8"?>
<Project ToolsVersion="15.0" xmlns="http://schemas.microsoft.com/developer/msbuild/2003">
  <ItemGroup>
    <Filter Include="Common">
      <UniqueIdentifier>f6d8fd27-1197-4f65-9ad4-8dd5ce532221</UniqueIdentifier>
    </Filter>
    <Filter Include="Assets">
      <UniqueIdentifier>9fc9e613-c8c3-406c-ac2c-e8d30ceef6c6</UniqueIdentifier>
      <Extensions>bmp;fbx;gif;jpg;jpeg;tga;tiff;tif;png</Extensions>
    </Filter>
  </ItemGroup>
  <ItemGroup>
    <ApplicationDefinition Include="App.xaml" />
  </ItemGroup>
  <ItemGroup>
    <ClCompile Include="pch.cpp" />
  </ItemGroup>
  <ItemGroup>
    <ClInclude Include="pch.h" />
  </ItemGroup>
  <ItemGroup>
    <Image Include="Assets\LockScreenLogo.scale-200.png">
      <Filter>Assets</Filter>
    </Image>
    <Image Include="Assets\SplashScreen.scale-200.png">
      <Filter>Assets</Filter>
    </Image>
    <Image Include="Assets\Square150x150Logo.scale-200.png">
      <Filter>Assets</Filter>
    </Image>
    <Image Include="Assets\Square44x44Logo.scale-200.png">
      <Filter>Assets</Filter>
    </Image>
    <Image Include="Assets\Square44x44Logo.targetsize-24_altform-unplated.png">
      <Filter>Assets</Filter>
    </Image>
    <Image Include="Assets\StoreLogo.png">
      <Filter>Assets</Filter>
    </Image>
    <Image Include="Assets\Wide310x150Logo.scale-200.png">
      <Filter>Assets</Filter>
    </Image>
    <Image Include="LVOS\Applications\StereogramMaker\image.png">
      <Filter>Assets</Filter>
    </Image>
    <Image Include="LVOS\Applications\MPTool\icon.png">
      <Filter>Assets</Filter>
    </Image>
    <Image Include="LVOS\Applications\MPTool\load.gif">
      <Filter>Assets</Filter>
    </Image>
    <Image Include="LVOS\Applications\GeodeWeb\Stellar Stones.png">
      <Filter>Assets</Filter>
    </Image>
    <Image Include="LVOS\Applications\GeodeWeb\StellarVeryLight.png">
      <Filter>Assets</Filter>
    </Image>
    <Image Include="LVOS\Applications\GeodeWeb\Crystal.png">
      <Filter>Assets</Filter>
    </Image>
    <Image Include="LVOS\Applications\GeodeWeb\Logo.png">
      <Filter>Assets</Filter>
    </Image>
    <Image Include="LVOS\Applications\GeodeWeb\Logo-192.png">
      <Filter>Assets</Filter>
    </Image>
    <Image Include="LVOS\Applications\GeodeWeb\Logo-512.png">
      <Filter>Assets</Filter>
    </Image>
  </ItemGroup>
  <ItemGroup>
    <AppxManifest Include="Package.appxmanifest" />
  </ItemGroup>
  <ItemGroup>
    <Page Include="MainPage.xaml" />
  </ItemGroup>
  <ItemGroup>
    <None Include="LVOS\Applications\Browser\index.html" />
    <None Include="LVOS\Applications\Calculator\calculator.html" />
    <None Include="LVOS\Applications\Calculator\index.html" />
    <None Include="LVOS\Applications\Camera\index.html" />
    <None Include="LVOS\Applications\Citaten\add.html" />
    <None Include="LVOS\Applications\Citaten\index.html" />
    <None Include="LVOS\Applications\Clock\index.html" />
    <None Include="LVOS\Applications\Controls\controls.html" />
    <None Include="LVOS\Applications\Coverflow\Coverflow.html" />
    <None Include="LVOS\Applications\Cube\cube.html" />
    <None Include="LVOS\Applications\Error\error.html" />
    <None Include="LVOS\Applications\Level\level.html" />
    <None Include="LVOS\Applications\Music\index.html" />
    <None Include="LVOS\Applications\Physics\index.html" />
    <None Include="LVOS\Applications\RenderDonkey\index.html" />
    <None Include="LVOS\Applications\Velocities\index.html" />
    <None Include="LVOS\Applications\Verlet\index.html" />
    <None Include="LVOS\Applications\Video\index.html" />
    <None Include="LVOS\Applications\Wallpaper\index.html" />
    <None Include="LVOS\Applications\WebXR\index.html" />
    <None Include="LVOS\Games\Conway\index.html" />
    <None Include="LVOS\Games\Minesweeper\index.html" />
    <None Include="LVOS\Games\Tetris\tetris.html" />
    <None Include="LVOS\activetest.html" />
    <None Include="LVOS\example.html" />
    <None Include="LVOS\index.html" />
    <None Include="LVOS\neo.html" />
    <None Include="LVOS\transformtest.html" />
    <None Include="LVOS\Styles\classes.css" />
    <None Include="LVOS\Styles\desktop.css" />
    <None Include="LVOS\Styles\general.css" />
    <None Include="LVOS\Styles\Mica.css" />
    <None Include="LVOS\Styles\ProvisionedApps.css" />
    <None Include="LVOS\Styles\themes.css" />
    <None Include="LVOS\Styles\windows.css" />
    <None Include="LVOS\Scripts\Animation.js" />
    <None Include="LVOS\Scripts\Console.js" />
    <None Include="LVOS\Scripts\CustomPrototypes.js" />
    <None Include="LVOS\Scripts\DesktopManager.js" />
    <None Include="LVOS\Scripts\FileSystem.js" />
    <None Include="LVOS\Scripts\LVOSLoader.js" />
    <None Include="LVOS\Scripts\Math.js" />
    <None Include="LVOS\Scripts\messenger.js" />
    <None Include="LVOS\Scripts\Mica.js" />
    <None Include="LVOS\Scripts\physics.js" />
    <None Include="LVOS\Scripts\ProvisionedApps.js" />
    <None Include="LVOS\Scripts\Reflector.js" />
    <None Include="LVOS\Scripts\Settings.js" />
    <None Include="LVOS\Scripts\sw.js" />
    <None Include="LVOS\Scripts\Theming.js" />
    <None Include="LVOS\Scripts\WindowManager.js" />
    <None Include="LVOS\Scripts\youtube.js" />
    <None Include="LVOS\Applications\Cyanide\metronome\index.html" />
    <None Include="LVOS\Applications\Cyanide\rainboy\index.html" />
    <None Include="LVOS\Applications\FrostedColours\index.html" />
    <None Include="LVOS\Applications\GeodeWeb\index.html" />
    <None Include="LVOS\Applications\GeodeWeb\login.html" />
    <None Include="LVOS\Applications\GeodeWeb\nav.html" />
    <None Include="LVOS\Applications\GeodeWeb\profile.html" />
    <None Include="LVOS\Applications\GeodeWeb\search.html" />
    <None Include="LVOS\Applications\GeodeWeb\settings.html" />
    <None Include="LVOS\Applications\GeodeWeb\upload.html" />
    <None Include="LVOS\Applications\MPTool\account.html" />
    <None Include="LVOS\Applications\MPTool\index.html" />
    <None Include="LVOS\Applications\StereogramMaker\index.html" />
    <None Include="LVOS\Applications\Browser\Browser.js" />
    <None Include="LVOS\Applications\Browser\style.css" />
    <None Include="LVOS\Applications\Calculator\calculator.css" />
    <None Include="LVOS\Applications\Calculator\Calculator.js" />
    <None Include="LVOS\Applications\Calculator\style.css" />
    <None Include="LVOS\Applications\Physics\drawing.js" />
    <None Include="LVOS\Applications\Physics\Engine.js" />
    <None Include="LVOS\Applications\Physics\style.css" />
    <None Include="LVOS\Applications\RenderDonkey\renderfox.js" />
    <None Include="LVOS\Applications\RenderDonkey\style.css" />
    <None Include="LVOS\Applications\StereogramMaker\.gitignore" />
    <None Include="LVOS\Applications\StereogramMaker\Graphics.js" />
    <None Include="LVOS\Applications\MPTool\XboxAccount.js" />
    <None Include="LVOS\Applications\MPTool\.gitignore" />
    <None Include="LVOS\Applications\MPTool\account.css" />
    <None Include="LVOS\Applications\MPTool\account.js" />
    <None Include="LVOS\Applications\MPTool\index.js" />
    <None Include="LVOS\Applications\MPTool\MinecraftServicesClient.js" />
    <None Include="LVOS\Applications\MPTool\PlayfabAccount.js" />
    <None Include="LVOS\Applications\MPTool\PlayfabClient.js" />
    <None Include="LVOS\Applications\MPTool\README.md" />
    <None Include="LVOS\Applications\MPTool\StateManager.js" />
    <None Include="LVOS\Applications\MPTool\style.css" />
    <None Include="LVOS\Applications\Level\style.css" />
    <None Include="LVOS\Applications\Level\Sensor.js" />
    <None Include="LVOS\Applications\GeodeWeb\Web.config" />
    <None Include="LVOS\Applications\GeodeWeb\settings.js" />
    <None Include="LVOS\Applications\GeodeWeb\style.css" />
    <None Include="LVOS\Applications\GeodeWeb\sw.js" />
    <None Include="LVOS\Applications\GeodeWeb\upload.js" />
    <None Include="LVOS\Applications\GeodeWeb\search.js" />
    <None Include="LVOS\Applications\GeodeWeb\profile.js" />
    <None Include="LVOS\Applications\GeodeWeb\manifest.json" />
    <None Include="LVOS\Applications\GeodeWeb\app.hta" />
    <None Include="LVOS\Applications\GeodeWeb\geode.js" />
    <None Include="LVOS\Applications\GeodeWeb\GeodeWeb.slnx" />
    <None Include="LVOS\Applications\GeodeWeb\index.js" />
    <None Include="LVOS\Applications\GeodeWeb\login.js" />
    <None Include="LVOS\Applications\FrostedColours\style.css" />
    <None Include="LVOS\Applications\Cube\cube.css" />
    <None Include="LVOS\Applications\Cube\cube.js" />
  </ItemGroup>
  <ItemGroup>
    <Text Include="LVOS\Applications\GeodeWeb\debug.log" />
  </ItemGroup>
</Project>